
Microsoft Visual Studio Solution File, Format Version 12.00
# Visual Studio Version 17
VisualStudioVersion = 17.5.002.0
MinimumVisualStudioVersion = 10.0.40219.1
Project("{9A19103F-16F7-4668-BE54-9A1E7A4F7556}") = "tl2-tp1-2024-MauroOrlando2000", "tl2-tp1-2024-MauroOrlando2000.csproj", "{B5B47558-E16C-4A31-941A-A1F6A29D45D2}"
EndProject
Global
	GlobalSection(SolutionConfigurationPlatforms) = preSolution
		Debug|Any CPU = Debug|Any CPU
		Release|Any CPU = Release|Any CPU
	EndGlobalSection
	GlobalSection(ProjectConfigurationPlatforms) = postSolution
		{B5B47558-E16C-4A31-941A-A1F6A29D45D2}.Debug|Any CPU.ActiveCfg = Debug|Any CPU
		{B5B47558-E16C-4A31-941A-A1F6A29D45D2}.Debug|Any CPU.Build.0 = Debug|Any CPU
		{B5B47558-E16C-4A31-941A-A1F6A29D45D2}.Release|Any CPU.ActiveCfg = Release|Any CPU
		{B5B47558-E16C-4A31-941A-A1F6A29D45D2}.Release|Any CPU.Build.0 = Release|Any CPU
	EndGlobalSection
	GlobalSection(SolutionProperties) = preSolution
		HideSolutionNode = FALSE
	EndGlobalSection
	GlobalSection(ExtensibilityGlobals) = postSolution
		SolutionGuid = {C18231B9-8BAA-4FD3-B7CA-845FD78A3F86}
	EndGlobalSection
EndGlobal
